
Microsoft Visual Studio Solution File, Format Version 12.00
# Visual Studio Version 17
VisualStudioVersion = 17.14.37111.16
MinimumVisualStudioVersion = 10.0.40219.1
Project("{FAE04EC0-301F-11D3-BF4B-00C04F79EFBC}") = "CyberSecurityChatBo", "CyberSecurityChatBo\CyberSecurityChatBo.csproj", "{647CAD38-30BD-47D8-839E-C41D667B9010}"
EndProject
Global
	GlobalSection(SolutionConfigurationPlatforms) = preSolution
		Debug|Any CPU = Debug|Any CPU
		Release|Any CPU = Release|Any CPU
	EndGlobalSection
	GlobalSection(ProjectConfigurationPlatforms) = postSolution
		{647CAD38-30BD-47D8-839E-C41D667B9010}.Debug|Any CPU.ActiveCfg = Debug|Any CPU
		{647CAD38-30BD-47D8-839E-C41D667B9010}.Debug|Any CPU.Build.0 = Debug|Any CPU
		{647CAD38-30BD-47D8-839E-C41D667B9010}.Release|Any CPU.ActiveCfg = Release|Any CPU
		{647CAD38-30BD-47D8-839E-C41D667B9010}.Release|Any CPU.Build.0 = Release|Any CPU
	EndGlobalSection
	GlobalSection(SolutionProperties) = preSolution
		HideSolutionNode = FALSE
	EndGlobalSection
	GlobalSection(ExtensibilityGlobals) = postSolution
		SolutionGuid = {8F1C39C0-AAAF-4C02-BA12-19BB8583A36B}
	EndGlobalSection
EndGlobal
